
Microsoft Visual Studio Solution File, Format Version 12.00
# Visual Studio Version 16
VisualStudioVersion = 16.0.31515.178
MinimumVisualStudioVersion = 10.0.40219.1
Project("{FAE04EC0-301F-11D3-BF4B-00C04F79EFBC}") = "ConsoleApp2", "ConsoleApp2\ConsoleApp2.csproj", "{8F6F93B5-1D15-4099-9FA1-2C0F4015FDDF}"
EndProject
Global
	GlobalSection(SolutionConfigurationPlatforms) = preSolution
		Debug|Any CPU = Debug|Any CPU
		Release|Any CPU = Release|Any CPU
	EndGlobalSection
	GlobalSection(ProjectConfigurationPlatforms) = postSolution
		{8F6F93B5-1D15-4099-9FA1-2C0F4015FDDF}.Debug|Any CPU.ActiveCfg = Debug|Any CPU
		{8F6F93B5-1D15-4099-9FA1-2C0F4015FDDF}.Debug|Any CPU.Build.0 = Debug|Any CPU
		{8F6F93B5-1D15-4099-9FA1-2C0F4015FDDF}.Release|Any CPU.ActiveCfg = Release|Any CPU
		{8F6F93B5-1D15-4099-9FA1-2C0F4015FDDF}.Release|Any CPU.Build.0 = Release|Any CPU
	EndGlobalSection
	GlobalSection(SolutionProperties) = preSolution
		HideSolutionNode = FALSE
	EndGlobalSection
	GlobalSection(ExtensibilityGlobals) = postSolution
		SolutionGuid = {83530125-3D0B-43C9-9555-7B3F4F94D57F}
	EndGlobalSection
EndGlobal
